{
  "name": "BrainfuckDebugger",
  "version": "0.1.0",
  "lockfileVersion": 2,
  "requires": true,
  "packages": {
    "": {
      "name": "BrainfuckDebugger",
      "version": "0.1.0",
      "license": "MIT",
      "dependencies": {
        "codemirror-minified": "^5.65.0"
      },
      "devDependencies": {}
    },
    "node_modules/codemirror-minified": {
      "version": "5.65.0",
      "resolved": "https://registry.npmjs.org/codemirror-minified/-/codemirror-minified-5.65.0.tgz",
      "integrity": "sha512-AxpxR5XolsvgAjwE1BspomW6fhj541BxMyj0HT5TmeketKJ/kPSEiTZes/cQgHvHOmGB4clbR67Mz/ORrjYkMQ=="
    }
  },
  "dependencies": {
    "codemirror-minified": {
      "version": "5.65.0",
      "resolved": "https://registry.npmjs.org/codemirror-minified/-/codemirror-minified-5.65.0.tgz",
      "integrity": "sha512-AxpxR5XolsvgAjwE1BspomW6fhj541BxMyj0HT5TmeketKJ/kPSEiTZes/cQgHvHOmGB4clbR67Mz/ORrjYkMQ=="
    }
  }
}
